// !$*UTF8*$!
{
	archiveVersion = 1;
	classes = {
	};
	objectVersion = 55;
	objects = {

/* Begin PBXBuildFile section */
		570320042680B58500FA213A /* Brain.swift in Sources */ = {isa = PBXBuildFile; fileRef = 570320032680B58500FA213A /* Brain.swift */; };
		570320052680B58500FA213A /* Brain.swift in Sources */ = {isa = PBXBuildFile; fileRef = 570320032680B58500FA213A /* Brain.swift */; };
		570320072680B5BB00FA213A /* Population.swift in Sources */ = {isa = PBXBuildFile; fileRef = 570320062680B5BB00FA213A /* Population.swift */; };
		570320082680B5BB00FA213A /* Population.swift in Sources */ = {isa = PBXBuildFile; fileRef = 570320062680B5BB00FA213A /* Population.swift */; };
		5703200D2680B5D400FA213A /* Individual.swift in Sources */ = {isa = PBXBuildFile; fileRef = 5703200C2680B5D400FA213A /* Individual.swift */; };
		5703200E2680B5D400FA213A /* Individual.swift in Sources */ = {isa = PBXBuildFile; fileRef = 5703200C2680B5D400FA213A /* Individual.swift */; };
		570320112680BA0200FA213A /* Vector.swift in Sources */ = {isa = PBXBuildFile; fileRef = 570320102680BA0200FA213A /* Vector.swift */; };
		570320122680BA0200FA213A /* Vector.swift in Sources */ = {isa = PBXBuildFile; fileRef = 570320102680BA0200FA213A /* Vector.swift */; };
		5703201D2680BE2E00FA213A /* NeuronGene.swift in Sources */ = {isa = PBXBuildFile; fileRef = 5703201C2680BE2E00FA213A /* NeuronGene.swift */; };
		5703201E2680BE2E00FA213A /* NeuronGene.swift in Sources */ = {isa = PBXBuildFile; fileRef = 5703201C2680BE2E00FA213A /* NeuronGene.swift */; };
		570320202680BE4700FA213A /* ConnectionGene.swift in Sources */ = {isa = PBXBuildFile; fileRef = 5703201F2680BE4700FA213A /* ConnectionGene.swift */; };
		570320212680BE4700FA213A /* ConnectionGene.swift in Sources */ = {isa = PBXBuildFile; fileRef = 5703201F2680BE4700FA213A /* ConnectionGene.swift */; };
		570320252680D13900FA213A /* IndividualView.swift in Sources */ = {isa = PBXBuildFile; fileRef = 570320242680D13900FA213A /* IndividualView.swift */; };
		570320262680D13900FA213A /* IndividualView.swift in Sources */ = {isa = PBXBuildFile; fileRef = 570320242680D13900FA213A /* IndividualView.swift */; };
		572875DB2680B40100A5561D /* ChaseNEATApp.swift in Sources */ = {isa = PBXBuildFile; fileRef = 572875CD2680B40000A5561D /* ChaseNEATApp.swift */; };
		572875DC2680B40100A5561D /* ChaseNEATApp.swift in Sources */ = {isa = PBXBuildFile; fileRef = 572875CD2680B40000A5561D /* ChaseNEATApp.swift */; };
		572875DD2680B40100A5561D /* ContentView.swift in Sources */ = {isa = PBXBuildFile; fileRef = 572875CE2680B40000A5561D /* ContentView.swift */; };
		572875DE2680B40100A5561D /* ContentView.swift in Sources */ = {isa = PBXBuildFile; fileRef = 572875CE2680B40000A5561D /* ContentView.swift */; };
		572875DF2680B40100A5561D /* Assets.xcassets in Resources */ = {isa = PBXBuildFile; fileRef = 572875CF2680B40100A5561D /* Assets.xcassets */; };
		572875E02680B40100A5561D /* Assets.xcassets in Resources */ = {isa = PBXBuildFile; fileRef = 572875CF2680B40100A5561D /* Assets.xcassets */; };
		573D801B26820DEF00EFBEB1 /* Target.swift in Sources */ = {isa = PBXBuildFile; fileRef = 573D801A26820DEF00EFBEB1 /* Target.swift */; };
		573D801C26820DEF00EFBEB1 /* Target.swift in Sources */ = {isa = PBXBuildFile; fileRef = 573D801A26820DEF00EFBEB1 /* Target.swift */; };
/* End PBXBuildFile section */

/* Begin PBXFileReference section */
		570320032680B58500FA213A /* Brain.swift */ = {isa = PBXFileReference; lastKnownFileType = sourcecode.swift; path = Brain.swift; sourceTree = "<group>"; };
		570320062680B5BB00FA213A /* Population.swift */ = {isa = PBXFileReference; lastKnownFileType = sourcecode.swift; path = Population.swift; sourceTree = "<group>"; };
		5703200C2680B5D400FA213A /* Individual.swift */ = {isa = PBXFileReference; lastKnownFileType = sourcecode.swift; path = Individual.swift; sourceTree = "<group>"; };
		570320102680BA0200FA213A /* Vector.swift */ = {isa = PBXFileReference; lastKnownFileType = sourcecode.swift; path = Vector.swift; sourceTree = "<group>"; };
		5703201C2680BE2E00FA213A /* NeuronGene.swift */ = {isa = PBXFileReference; lastKnownFileType = sourcecode.swift; path = NeuronGene.swift; sourceTree = "<group>"; };
		5703201F2680BE4700FA213A /* ConnectionGene.swift */ = {isa = PBXFileReference; lastKnownFileType = sourcecode.swift; path = ConnectionGene.swift; sourceTree = "<group>"; };
		570320242680D13900FA213A /* IndividualView.swift */ = {isa = PBXFileReference; lastKnownFileType = sourcecode.swift; path = IndividualView.swift; sourceTree = "<group>"; };
		572875CD2680B40000A5561D /* ChaseNEATApp.swift */ = {isa = PBXFileReference; lastKnownFileType = sourcecode.swift; path = ChaseNEATApp.swift; sourceTree = "<group>"; };
		572875CE2680B40000A5561D /* ContentView.swift */ = {isa = PBXFileReference; lastKnownFileType = sourcecode.swift; path = ContentView.swift; sourceTree = "<group>"; };
		572875CF2680B40100A5561D /* Assets.xcassets */ = {isa = PBXFileReference; lastKnownFileType = folder.assetcatalog; path = Assets.xcassets; sourceTree = "<group>"; };
		572875D42680B40100A5561D /* ChaseNEAT.app */ = {isa = PBXFileReference; explicitFileType = wrapper.application; includeInIndex = 0; path = ChaseNEAT.app; sourceTree = BUILT_PRODUCTS_DIR; };
		572875DA2680B40100A5561D /* ChaseNEAT.app */ = {isa = PBXFileReference; explicitFileType = wrapper.application; includeInIndex = 0; path = ChaseNEAT.app; sourceTree = BUILT_PRODUCTS_DIR; };
		573D801A26820DEF00EFBEB1 /* Target.swift */ = {isa = PBXFileReference; lastKnownFileType = sourcecode.swift; path = Target.swift; sourceTree = "<group>"; };
/* End PBXFileReference section */

/* Begin PBXFrameworksBuildPhase section */
		572875D12680B40100A5561D /* Frameworks */ = {
			isa = PBXFrameworksBuildPhase;
			buildActionMask = 2147483647;
			files = (
			);
			runOnlyForDeploymentPostprocessing = 0;
		};
		572875D72680B40100A5561D /* Frameworks */ = {
			isa = PBXFrameworksBuildPhase;
			buildActionMask = 2147483647;
			files = (
			);
			runOnlyForDeploymentPostprocessing = 0;
		};
/* End PBXFrameworksBuildPhase section */

/* Begin PBXGroup section */
		5703200F2680B9F200FA213A /* Model */ = {
			isa = PBXGroup;
			children = (
				570320102680BA0200FA213A /* Vector.swift */,
				5703201C2680BE2E00FA213A /* NeuronGene.swift */,
				5703201F2680BE4700FA213A /* ConnectionGene.swift */,
				570320032680B58500FA213A /* Brain.swift */,
				5703200C2680B5D400FA213A /* Individual.swift */,
				570320062680B5BB00FA213A /* Population.swift */,
				573D801A26820DEF00EFBEB1 /* Target.swift */,
			);
			path = Model;
			sourceTree = "<group>";
		};
		570320232680D11B00FA213A /* View */ = {
			isa = PBXGroup;
			children = (
				572875CE2680B40000A5561D /* ContentView.swift */,
				570320242680D13900FA213A /* IndividualView.swift */,
			);
			path = View;
			sourceTree = "<group>";
		};
		572875C72680B40000A5561D = {
			isa = PBXGroup;
			children = (
				572875CC2680B40000A5561D /* Shared */,
				572875D52680B40100A5561D /* Products */,
			);
			sourceTree = "<group>";
		};
		572875CC2680B40000A5561D /* Shared */ = {
			isa = PBXGroup;
			children = (
				5703200F2680B9F200FA213A /* Model */,
				570320232680D11B00FA213A /* View */,
				572875CD2680B40000A5561D /* ChaseNEATApp.swift */,
				572875CF2680B40100A5561D /* Assets.xcassets */,
			);
			path = Shared;
			sourceTree = "<group>";
		};
		572875D52680B40100A5561D /* Products */ = {
			isa = PBXGroup;
			children = (
				572875D42680B40100A5561D /* ChaseNEAT.app */,
				572875DA2680B40100A5561D /* ChaseNEAT.app */,
			);
			name = Products;
			sourceTree = "<group>";
		};
/* End PBXGroup section */

/* Begin PBXNativeTarget section */
		572875D32680B40100A5561D /* ChaseNEAT (iOS) */ = {
			isa = PBXNativeTarget;
			buildConfigurationList = 572875E32680B40100A5561D /* Build configuration list for PBXNativeTarget "ChaseNEAT (iOS)" */;
			buildPhases = (
				572875D02680B40100A5561D /* Sources */,
				572875D12680B40100A5561D /* Frameworks */,
				572875D22680B40100A5561D /* Resources */,
			);
			buildRules = (
			);
			dependencies = (
			);
			name = "ChaseNEAT (iOS)";
			productName = "ChaseNEAT (iOS)";
			productReference = 572875D42680B40100A5561D /* ChaseNEAT.app */;
			productType = "com.apple.product-type.application";
		};
		572875D92680B40100A5561D /* ChaseNEAT (macOS) */ = {
			isa = PBXNativeTarget;
			buildConfigurationList = 572875E62680B40100A5561D /* Build configuration list for PBXNativeTarget "ChaseNEAT (macOS)" */;
			buildPhases = (
				572875D62680B40100A5561D /* Sources */,
				572875D72680B40100A5561D /* Frameworks */,
				572875D82680B40100A5561D /* Resources */,
			);
			buildRules = (
			);
			dependencies = (
			);
			name = "ChaseNEAT (macOS)";
			productName = "ChaseNEAT (macOS)";
			productReference = 572875DA2680B40100A5561D /* ChaseNEAT.app */;
			productType = "com.apple.product-type.application";
		};
/* End PBXNativeTarget section */

/* Begin PBXProject section */
		572875C82680B40000A5561D /* Project object */ = {
			isa = PBXProject;
			attributes = {
				BuildIndependentTargetsInParallel = 1;
				LastSwiftUpdateCheck = 1300;
				LastUpgradeCheck = 1300;
				TargetAttributes = {
					572875D32680B40100A5561D = {
						CreatedOnToolsVersion = 13.0;
					};
					572875D92680B40100A5561D = {
						CreatedOnToolsVersion = 13.0;
					};
				};
			};
			buildConfigurationList = 572875CB2680B40000A5561D /* Build configuration list for PBXProject "ChaseNEAT" */;
			compatibilityVersion = "Xcode 13.0";
			developmentRegion = en;
			hasScannedForEncodings = 0;
			knownRegions = (
				en,
				Base,
			);
			mainGroup = 572875C72680B40000A5561D;
			productRefGroup = 572875D52680B40100A5561D /* Products */;
			projectDirPath = "";
			projectRoot = "";
			targets = (
				572875D32680B40100A5561D /* ChaseNEAT (iOS) */,
				572875D92680B40100A5561D /* ChaseNEAT (macOS) */,
			);
		};
/* End PBXProject section */

/* Begin PBXResourcesBuildPhase section */
		572875D22680B40100A5561D /* Resources */ = {
			isa = PBXResourcesBuildPhase;
			buildActionMask = 2147483647;
			files = (
				572875DF2680B40100A5561D /* Assets.xcassets in Resources */,
			);
			runOnlyForDeploymentPostprocessing = 0;
		};
		572875D82680B40100A5561D /* Resources */ = {
			isa = PBXResourcesBuildPhase;
			buildActionMask = 2147483647;
			files = (
				572875E02680B40100A5561D /* Assets.xcassets in Resources */,
			);
			runOnlyForDeploymentPostprocessing = 0;
		};
/* End PBXResourcesBuildPhase section */

/* Begin PBXSourcesBuildPhase section */
		572875D02680B40100A5561D /* Sources */ = {
			isa = PBXSourcesBuildPhase;
			buildActionMask = 2147483647;
			files = (
				572875DD2680B40100A5561D /* ContentView.swift in Sources */,
				5703201D2680BE2E00FA213A /* NeuronGene.swift in Sources */,
				570320042680B58500FA213A /* Brain.swift in Sources */,
				570320072680B5BB00FA213A /* Population.swift in Sources */,
				573D801B26820DEF00EFBEB1 /* Target.swift in Sources */,
				5703200D2680B5D400FA213A /* Individual.swift in Sources */,
				570320252680D13900FA213A /* IndividualView.swift in Sources */,
				570320112680BA0200FA213A /* Vector.swift in Sources */,
				572875DB2680B40100A5561D /* ChaseNEATApp.swift in Sources */,
				570320202680BE4700FA213A /* ConnectionGene.swift in Sources */,
			);
			runOnlyForDeploymentPostprocessing = 0;
		};
		572875D62680B40100A5561D /* Sources */ = {
			isa = PBXSourcesBuildPhase;
			buildActionMask = 2147483647;
			files = (
				572875DE2680B40100A5561D /* ContentView.swift in Sources */,
				5703201E2680BE2E00FA213A /* NeuronGene.swift in Sources */,
				570320052680B58500FA213A /* Brain.swift in Sources */,
				570320082680B5BB00FA213A /* Population.swift in Sources */,
				573D801C26820DEF00EFBEB1 /* Target.swift in Sources */,
				5703200E2680B5D400FA213A /* Individual.swift in Sources */,
				570320262680D13900FA213A /* IndividualView.swift in Sources */,
				570320122680BA0200FA213A /* Vector.swift in Sources */,
				572875DC2680B40100A5561D /* ChaseNEATApp.swift in Sources */,
				570320212680BE4700FA213A /* ConnectionGene.swift in Sources */,
			);
			runOnlyForDeploymentPostprocessing = 0;
		};
/* End PBXSourcesBuildPhase section */

/* Begin XCBuildConfiguration section */
		572875E12680B40100A5561D /* Debug */ = {
			isa = XCBuildConfiguration;
			buildSettings = {
				ALWAYS_SEARCH_USER_PATHS = NO;
				CLANG_ANALYZER_NONNULL = YES;
				CLANG_ANALYZER_NUMBER_OBJECT_CONVERSION = YES_AGGRESSIVE;
				CLANG_CXX_LANGUAGE_STANDARD = "gnu++14";
				CLANG_CXX_LIBRARY = "libc++";
				CLANG_ENABLE_MODULES = YES;
				CLANG_ENABLE_OBJC_ARC = YES;
				CLANG_ENABLE_OBJC_WEAK = YES;
				CLANG_WARN_BLOCK_CAPTURE_AUTORELEASING = YES;
				CLANG_WARN_BOOL_CONVERSION = YES;
				CLANG_WARN_COMMA = YES;
				CLANG_WARN_CONSTANT_CONVERSION = YES;
				CLANG_WARN_DEPRECATED_OBJC_IMPLEMENTATIONS = YES;
				CLANG_WARN_DIRECT_OBJC_ISA_USAGE = YES_ERROR;
				CLANG_WARN_DOCUMENTATION_COMMENTS = YES;
				CLANG_WARN_EMPTY_BODY = YES;
				CLANG_WARN_ENUM_CONVERSION = YES;
				CLANG_WARN_INFINITE_RECURSION = YES;
				CLANG_WARN_INT_CONVERSION = YES;
				CLANG_WARN_NON_LITERAL_NULL_CONVERSION = YES;
				CLANG_WARN_OBJC_IMPLICIT_RETAIN_SELF = YES;
				CLANG_WARN_OBJC_LITERAL_CONVERSION = YES;
				CLANG_WARN_OBJC_ROOT_CLASS = YES_ERROR;
				CLANG_WARN_QUOTED_INCLUDE_IN_FRAMEWORK_HEADER = YES;
				CLANG_WARN_RANGE_LOOP_ANALYSIS = YES;
				CLANG_WARN_STRICT_PROTOTYPES = YES;
				CLANG_WARN_SUSPICIOUS_MOVE = YES;
				CLANG_WARN_UNGUARDED_AVAILABILITY = YES_AGGRESSIVE;
				CLANG_WARN_UNREACHABLE_CODE = YES;
				CLANG_WARN__DUPLICATE_METHOD_MATCH = YES;
				COPY_PHASE_STRIP = NO;
				DEBUG_INFORMATION_FORMAT = dwarf;
				ENABLE_STRICT_OBJC_MSGSEND = YES;
				ENABLE_TESTABILITY = YES;
				GCC_C_LANGUAGE_STANDARD = gnu11;
				GCC_DYNAMIC_NO_PIC = NO;
				GCC_NO_COMMON_BLOCKS = YES;
				GCC_OPTIMIZATION_LEVEL = 0;
				GCC_PREPROCESSOR_DEFINITIONS = (
					"DEBUG=1",
					"$(inherited)",
				);
				GCC_WARN_64_TO_32_BIT_CONVERSION = YES;
				GCC_WARN_ABOUT_RETURN_TYPE = YES_ERROR;
				GCC_WARN_UNDECLARED_SELECTOR = YES;
				GCC_WARN_UNINITIALIZED_AUTOS = YES_AGGRESSIVE;
				GCC_WARN_UNUSED_FUNCTION = YES;
				GCC_WARN_UNUSED_VARIABLE = YES;
				MTL_ENABLE_DEBUG_INFO = INCLUDE_SOURCE;
				MTL_FAST_MATH = YES;
				ONLY_ACTIVE_ARCH = YES;
				SWIFT_ACTIVE_COMPILATION_CONDITIONS = DEBUG;
				SWIFT_OPTIMIZATION_LEVEL = "-Onone";
			};
			name = Debug;
		};
		572875E22680B40100A5561D /* Release */ = {
			isa = XCBuildConfiguration;
			buildSettings = {
				ALWAYS_SEARCH_USER_PATHS = NO;
				CLANG_ANALYZER_NONNULL = YES;
				CLANG_ANALYZER_NUMBER_OBJECT_CONVERSION = YES_AGGRESSIVE;
				CLANG_CXX_LANGUAGE_STANDARD = "gnu++14";
				CLANG_CXX_LIBRARY = "libc++";
				CLANG_ENABLE_MODULES = YES;
				CLANG_ENABLE_OBJC_ARC = YES;
				CLANG_ENABLE_OBJC_WEAK = YES;
				CLANG_WARN_BLOCK_CAPTURE_AUTORELEASING = YES;
				CLANG_WARN_BOOL_CONVERSION = YES;
				CLANG_WARN_COMMA = YES;
				CLANG_WARN_CONSTANT_CONVERSION = YES;
				CLANG_WARN_DEPRECATED_OBJC_IMPLEMENTATIONS = YES;
				CLANG_WARN_DIRECT_OBJC_ISA_USAGE = YES_ERROR;
				CLANG_WARN_DOCUMENTATION_COMMENTS = YES;
				CLANG_WARN_EMPTY_BODY = YES;
				CLANG_WARN_ENUM_CONVERSION = YES;
				CLANG_WARN_INFINITE_RECURSION = YES;
				CLANG_WARN_INT_CONVERSION = YES;
				CLANG_WARN_NON_LITERAL_NULL_CONVERSION = YES;
				CLANG_WARN_OBJC_IMPLICIT_RETAIN_SELF = YES;
				CLANG_WARN_OBJC_LITERAL_CONVERSION = YES;
				CLANG_WARN_OBJC_ROOT_CLASS = YES_ERROR;
				CLANG_WARN_QUOTED_INCLUDE_IN_FRAMEWORK_HEADER = YES;
				CLANG_WARN_RANGE_LOOP_ANALYSIS = YES;
				CLANG_WARN_STRICT_PROTOTYPES = YES;
				CLANG_WARN_SUSPICIOUS_MOVE = YES;
				CLANG_WARN_UNGUARDED_AVAILABILITY = YES_AGGRESSIVE;
				CLANG_WARN_UNREACHABLE_CODE = YES;
				CLANG_WARN__DUPLICATE_METHOD_MATCH = YES;
				COPY_PHASE_STRIP = NO;
				DEBUG_INFORMATION_FORMAT = "dwarf-with-dsym";
				ENABLE_NS_ASSERTIONS = NO;
				ENABLE_STRICT_OBJC_MSGSEND = YES;
				GCC_C_LANGUAGE_STANDARD = gnu11;
				GCC_NO_COMMON_BLOCKS = YES;
				GCC_WARN_64_TO_32_BIT_CONVERSION = YES;
				GCC_WARN_ABOUT_RETURN_TYPE = YES_ERROR;
				GCC_WARN_UNDECLARED_SELECTOR = YES;
				GCC_WARN_UNINITIALIZED_AUTOS = YES_AGGRESSIVE;
				GCC_WARN_UNUSED_FUNCTION = YES;
				GCC_WARN_UNUSED_VARIABLE = YES;
				MTL_ENABLE_DEBUG_INFO = NO;
				MTL_FAST_MATH = YES;
				SWIFT_COMPILATION_MODE = wholemodule;
				SWIFT_OPTIMIZATION_LEVEL = "-O";
			};
			name = Release;
		};
		572875E42680B40100A5561D /* Debug */ = {
			isa = XCBuildConfiguration;
			buildSettings = {
				ASSETCATALOG_COMPILER_APPICON_NAME = AppIcon;
				ASSETCATALOG_COMPILER_GLOBAL_ACCENT_COLOR_NAME = AccentColor;
				CODE_SIGN_STYLE = Automatic;
				CURRENT_PROJECT_VERSION = 1;
				DEVELOPMENT_TEAM = 828XYUZTZQ;
				ENABLE_PREVIEWS = YES;
				GENERATE_INFOPLIST_FILE = YES;
				INFOPLIST_KEY_UIApplicationSceneManifest_Generation = YES;
				INFOPLIST_KEY_UIApplicationSupportsIndirectInputEvents = YES;
				INFOPLIST_KEY_UILaunchScreen_Generation = YES;
				INFOPLIST_KEY_UISupportedInterfaceOrientations_iPad = "UIInterfaceOrientationPortrait UIInterfaceOrientationPortraitUpsideDown UIInterfaceOrientationLandscapeLeft UIInterfaceOrientationLandscapeRight";
				INFOPLIST_KEY_UISupportedInterfaceOrientations_iPhone = "UIInterfaceOrientationPortrait UIInterfaceOrientationLandscapeLeft UIInterfaceOrientationLandscapeRight";
				IPHONEOS_DEPLOYMENT_TARGET = 14.0;
				LD_RUNPATH_SEARCH_PATHS = (
					"$(inherited)",
					"@executable_path/Frameworks",
				);
				MARKETING_VERSION = 1.0;
				PRODUCT_BUNDLE_IDENTIFIER = rudigus.ChaseNEAT;
				PRODUCT_NAME = ChaseNEAT;
				SDKROOT = iphoneos;
				SWIFT_EMIT_LOC_STRINGS = YES;
				SWIFT_VERSION = 5.0;
				TARGETED_DEVICE_FAMILY = "1,2";
			};
			name = Debug;
		};
		572875E52680B40100A5561D /* Release */ = {
			isa = XCBuildConfiguration;
			buildSettings = {
				ASSETCATALOG_COMPILER_APPICON_NAME = AppIcon;
				ASSETCATALOG_COMPILER_GLOBAL_ACCENT_COLOR_NAME = AccentColor;
				CODE_SIGN_STYLE = Automatic;
				CURRENT_PROJECT_VERSION = 1;
				DEVELOPMENT_TEAM = 828XYUZTZQ;
				ENABLE_PREVIEWS = YES;
				GENERATE_INFOPLIST_FILE = YES;
				INFOPLIST_KEY_UIApplicationSceneManifest_Generation = YES;
				INFOPLIST_KEY_UIApplicationSupportsIndirectInputEvents = YES;
				INFOPLIST_KEY_UILaunchScreen_Generation = YES;
				INFOPLIST_KEY_UISupportedInterfaceOrientations_iPad = "UIInterfaceOrientationPortrait UIInterfaceOrientationPortraitUpsideDown UIInterfaceOrientationLandscapeLeft UIInterfaceOrientationLandscapeRight";
				INFOPLIST_KEY_UISupportedInterfaceOrientations_iPhone = "UIInterfaceOrientationPortrait UIInterfaceOrientationLandscapeLeft UIInterfaceOrientationLandscapeRight";
				IPHONEOS_DEPLOYMENT_TARGET = 14.0;
				LD_RUNPATH_SEARCH_PATHS = (
					"$(inherited)",
					"@executable_path/Frameworks",
				);
				MARKETING_VERSION = 1.0;
				PRODUCT_BUNDLE_IDENTIFIER = rudigus.ChaseNEAT;
				PRODUCT_NAME = ChaseNEAT;
				SDKROOT = iphoneos;
				SWIFT_EMIT_LOC_STRINGS = YES;
				SWIFT_VERSION = 5.0;
				TARGETED_DEVICE_FAMILY = "1,2";
				VALIDATE_PRODUCT = YES;
			};
			name = Release;
		};
		572875E72680B40100A5561D /* Debug */ = {
			isa = XCBuildConfiguration;
			buildSettings = {
				ASSETCATALOG_COMPILER_APPICON_NAME = AppIcon;
				ASSETCATALOG_COMPILER_GLOBAL_ACCENT_COLOR_NAME = AccentColor;
				CODE_SIGN_STYLE = Automatic;
				COMBINE_HIDPI_IMAGES = YES;
				CURRENT_PROJECT_VERSION = 1;
				DEVELOPMENT_TEAM = 828XYUZTZQ;
				ENABLE_APP_SANDBOX = YES;
				ENABLE_HARDENED_RUNTIME = YES;
				ENABLE_PREVIEWS = YES;
				ENABLE_USER_SELECTED_FILES = readonly;
				GENERATE_INFOPLIST_FILE = YES;
				INFOPLIST_KEY_NSHumanReadableCopyright = "";
				LD_RUNPATH_SEARCH_PATHS = (
					"$(inherited)",
					"@executable_path/../Frameworks",
				);
				MACOSX_DEPLOYMENT_TARGET = 11.0;
				MARKETING_VERSION = 1.0;
				PRODUCT_BUNDLE_IDENTIFIER = rudigus.ChaseNEAT;
				PRODUCT_NAME = ChaseNEAT;
				SDKROOT = macosx;
				SWIFT_EMIT_LOC_STRINGS = YES;
				SWIFT_VERSION = 5.0;
			};
			name = Debug;
		};
		572875E82680B40100A5561D /* Release */ = {
			isa = XCBuildConfiguration;
			buildSettings = {
				ASSETCATALOG_COMPILER_APPICON_NAME = AppIcon;
				ASSETCATALOG_COMPILER_GLOBAL_ACCENT_COLOR_NAME = AccentColor;
				CODE_SIGN_STYLE = Automatic;
				COMBINE_HIDPI_IMAGES = YES;
				CURRENT_PROJECT_VERSION = 1;
				DEVELOPMENT_TEAM = 828XYUZTZQ;
				ENABLE_APP_SANDBOX = YES;
				ENABLE_HARDENED_RUNTIME = YES;
				ENABLE_PREVIEWS = YES;
				ENABLE_USER_SELECTED_FILES = readonly;
				GENERATE_INFOPLIST_FILE = YES;
				INFOPLIST_KEY_NSHumanReadableCopyright = "";
				LD_RUNPATH_SEARCH_PATHS = (
					"$(inherited)",
					"@executable_path/../Frameworks",
				);
				MACOSX_DEPLOYMENT_TARGET = 11.0;
				MARKETING_VERSION = 1.0;
				PRODUCT_BUNDLE_IDENTIFIER = rudigus.ChaseNEAT;
				PRODUCT_NAME = ChaseNEAT;
				SDKROOT = macosx;
				SWIFT_EMIT_LOC_STRINGS = YES;
				SWIFT_VERSION = 5.0;
			};
			name = Release;
		};
/* End XCBuildConfiguration section */

/* Begin XCConfigurationList section */
		572875CB2680B40000A5561D /* Build configuration list for PBXProject "ChaseNEAT" */ = {
			isa = XCConfigurationList;
			buildConfigurations = (
				572875E12680B40100A5561D /* Debug */,
				572875E22680B40100A5561D /* Release */,
			);
			defaultConfigurationIsVisible = 0;
			defaultConfigurationName = Release;
		};
		572875E32680B40100A5561D /* Build configuration list for PBXNativeTarget "ChaseNEAT (iOS)" */ = {
			isa = XCConfigurationList;
			buildConfigurations = (
				572875E42680B40100A5561D /* Debug */,
				572875E52680B40100A5561D /* Release */,
			);
			defaultConfigurationIsVisible = 0;
			defaultConfigurationName = Release;
		};
		572875E62680B40100A5561D /* Build configuration list for PBXNativeTarget "ChaseNEAT (macOS)" */ = {
			isa = XCConfigurationList;
			buildConfigurations = (
				572875E72680B40100A5561D /* Debug */,
				572875E82680B40100A5561D /* Release */,
			);
			defaultConfigurationIsVisible = 0;
			defaultConfigurationName = Release;
		};
/* End XCConfigurationList section */
	};
	rootObject = 572875C82680B40000A5561D /* Project object */;
}
